// !$*UTF8*$!
{
	archiveVersion = 1;
	classes = {
	};
	objectVersion = 50;
	objects = {

/* Begin PBXBuildFile section */
		04CD653024D5B9E30087CA4E /* AppDelegate.swift in Sources */ = {isa = PBXBuildFile; fileRef = 04CD652F24D5B9E30087CA4E /* AppDelegate.swift */; };
		04CD653224D5B9E30087CA4E /* SceneDelegate.swift in Sources */ = {isa = PBXBuildFile; fileRef = 04CD653124D5B9E30087CA4E /* SceneDelegate.swift */; };
		04CD653424D5B9E30087CA4E /* ViewController.swift in Sources */ = {isa = PBXBuildFile; fileRef = 04CD653324D5B9E30087CA4E /* ViewController.swift */; };
		04CD653724D5B9E30087CA4E /* Main.storyboard in Resources */ = {isa = PBXBuildFile; fileRef = 04CD653524D5B9E30087CA4E /* Main.storyboard */; };
		04CD653924D5B9E70087CA4E /* Assets.xcassets in Resources */ = {isa = PBXBuildFile; fileRef = 04CD653824D5B9E70087CA4E /* Assets.xcassets */; };
		04CD653C24D5B9E70087CA4E /* LaunchScreen.storyboard in Resources */ = {isa = PBXBuildFile; fileRef = 04CD653A24D5B9E70087CA4E /* LaunchScreen.storyboard */; };
/* End PBXBuildFile section */

/* Begin PBXFileReference section */
		04CD652C24D5B9E30087CA4E /* Getting Directions & Show Route On Map Using MapKit.app */ = {isa = PBXFileReference; explicitFileType = wrapper.application; includeInIndex = 0; path = "Getting Directions & Show Route On Map Using MapKit.app"; sourceTree = BUILT_PRODUCTS_DIR; };
		04CD652F24D5B9E30087CA4E /* AppDelegate.swift */ = {isa = PBXFileReference; lastKnownFileType = sourcecode.swift; path = AppDelegate.swift; sourceTree = "<group>"; };
		04CD653124D5B9E30087CA4E /* SceneDelegate.swift */ = {isa = PBXFileReference; lastKnownFileType = sourcecode.swift; path = SceneDelegate.swift; sourceTree = "<group>"; };
		04CD653324D5B9E30087CA4E /* ViewController.swift */ = {isa = PBXFileReference; lastKnownFileType = sourcecode.swift; path = ViewController.swift; sourceTree = "<group>"; };
		04CD653624D5B9E30087CA4E /* Base */ = {isa = PBXFileReference; lastKnownFileType = file.storyboard; name = Base; path = Base.lproj/Main.storyboard; sourceTree = "<group>"; };
		04CD653824D5B9E70087CA4E /* Assets.xcassets */ = {isa = PBXFileReference; lastKnownFileType = folder.assetcatalog; path = Assets.xcassets; sourceTree = "<group>"; };
		04CD653B24D5B9E70087CA4E /* Base */ = {isa = PBXFileReference; lastKnownFileType = file.storyboard; name = Base; path = Base.lproj/LaunchScreen.storyboard; sourceTree = "<group>"; };
		04CD653D24D5B9E70087CA4E /* Info.plist */ = {isa = PBXFileReference; lastKnownFileType = text.plist.xml; path = Info.plist; sourceTree = "<group>"; };
/* End PBXFileReference section */

/* Begin PBXFrameworksBuildPhase section */
		04CD652924D5B9E30087CA4E /* Frameworks */ = {
			isa = PBXFrameworksBuildPhase;
			buildActionMask = 2147483647;
			files = (
			);
			runOnlyForDeploymentPostprocessing = 0;
		};
/* End PBXFrameworksBuildPhase section */

/* Begin PBXGroup section */
		0439EF1C24D7146400A92284 /* Conreoller */ = {
			isa = PBXGroup;
			children = (
				04CD653324D5B9E30087CA4E /* ViewController.swift */,
			);
			path = Conreoller;
			sourceTree = "<group>";
		};
		0439EF1D24D7146800A92284 /* View */ = {
			isa = PBXGroup;
			children = (
				04CD653524D5B9E30087CA4E /* Main.storyboard */,
				04CD653824D5B9E70087CA4E /* Assets.xcassets */,
				04CD653A24D5B9E70087CA4E /* LaunchScreen.storyboard */,
			);
			path = View;
			sourceTree = "<group>";
		};
		0439EF1E24D7146B00A92284 /* Model */ = {
			isa = PBXGroup;
			children = (
				04CD652F24D5B9E30087CA4E /* AppDelegate.swift */,
				04CD653124D5B9E30087CA4E /* SceneDelegate.swift */,
			);
			path = Model;
			sourceTree = "<group>";
		};
		04CD652324D5B9E30087CA4E = {
			isa = PBXGroup;
			children = (
				04CD652E24D5B9E30087CA4E /* Getting Directions & Show Route On Map Using MapKit */,
				04CD652D24D5B9E30087CA4E /* Products */,
			);
			sourceTree = "<group>";
		};
		04CD652D24D5B9E30087CA4E /* Products */ = {
			isa = PBXGroup;
			children = (
				04CD652C24D5B9E30087CA4E /* Getting Directions & Show Route On Map Using MapKit.app */,
			);
			name = Products;
			sourceTree = "<group>";
		};
		04CD652E24D5B9E30087CA4E /* Getting Directions & Show Route On Map Using MapKit */ = {
			isa = PBXGroup;
			children = (
				0439EF1E24D7146B00A92284 /* Model */,
				0439EF1D24D7146800A92284 /* View */,
				0439EF1C24D7146400A92284 /* Conreoller */,
				04CD653D24D5B9E70087CA4E /* Info.plist */,
			);
			path = "Getting Directions & Show Route On Map Using MapKit";
			sourceTree = "<group>";
		};
/* End PBXGroup section */

/* Begin PBXNativeTarget section */
		04CD652B24D5B9E30087CA4E /* Getting Directions & Show Route On Map Using MapKit */ = {
			isa = PBXNativeTarget;
			buildConfigurationList = 04CD654024D5B9E70087CA4E /* Build configuration list for PBXNativeTarget "Getting Directions & Show Route On Map Using MapKit" */;
			buildPhases = (
				04CD652824D5B9E30087CA4E /* Sources */,
				04CD652924D5B9E30087CA4E /* Frameworks */,
				04CD652A24D5B9E30087CA4E /* Resources */,
			);
			buildRules = (
			);
			dependencies = (
			);
			name = "Getting Directions & Show Route On Map Using MapKit";
			productName = "Getting Directions & Show Route On Map Using MapKit";
			productReference = 04CD652C24D5B9E30087CA4E /* Getting Directions & Show Route On Map Using MapKit.app */;
			productType = "com.apple.product-type.application";
		};
/* End PBXNativeTarget section */

/* Begin PBXProject section */
		04CD652424D5B9E30087CA4E /* Project object */ = {
			isa = PBXProject;
			attributes = {
				LastSwiftUpdateCheck = 1130;
				LastUpgradeCheck = 1130;
				ORGANIZATIONNAME = "Gunde Ramakrishna Goud";
				TargetAttributes = {
					04CD652B24D5B9E30087CA4E = {
						CreatedOnToolsVersion = 11.3.1;
					};
				};
			};
			buildConfigurationList = 04CD652724D5B9E30087CA4E /* Build configuration list for PBXProject "Getting Directions & Show Route On Map Using MapKit" */;
			compatibilityVersion = "Xcode 9.3";
			developmentRegion = en;
			hasScannedForEncodings = 0;
			knownRegions = (
				en,
				Base,
			);
			mainGroup = 04CD652324D5B9E30087CA4E;
			productRefGroup = 04CD652D24D5B9E30087CA4E /* Products */;
			projectDirPath = "";
			projectRoot = "";
			targets = (
				04CD652B24D5B9E30087CA4E /* Getting Directions & Show Route On Map Using MapKit */,
			);
		};
/* End PBXProject section */

/* Begin PBXResourcesBuildPhase section */
		04CD652A24D5B9E30087CA4E /* Resources */ = {
			isa = PBXResourcesBuildPhase;
			buildActionMask = 2147483647;
			files = (
				04CD653C24D5B9E70087CA4E /* LaunchScreen.storyboard in Resources */,
				04CD653924D5B9E70087CA4E /* Assets.xcassets in Resources */,
				04CD653724D5B9E30087CA4E /* Main.storyboard in Resources */,
			);
			runOnlyForDeploymentPostprocessing = 0;
		};
/* End PBXResourcesBuildPhase section */

/* Begin PBXSourcesBuildPhase section */
		04CD652824D5B9E30087CA4E /* Sources */ = {
			isa = PBXSourcesBuildPhase;
			buildActionMask = 2147483647;
			files = (
				04CD653424D5B9E30087CA4E /* ViewController.swift in Sources */,
				04CD653024D5B9E30087CA4E /* AppDelegate.swift in Sources */,
				04CD653224D5B9E30087CA4E /* SceneDelegate.swift in Sources */,
			);
			runOnlyForDeploymentPostprocessing = 0;
		};
/* End PBXSourcesBuildPhase section */

/* Begin PBXVariantGroup section */
		04CD653524D5B9E30087CA4E /* Main.storyboard */ = {
			isa = PBXVariantGroup;
			children = (
				04CD653624D5B9E30087CA4E /* Base */,
			);
			name = Main.storyboard;
			sourceTree = "<group>";
		};
		04CD653A24D5B9E70087CA4E /* LaunchScreen.storyboard */ = {
			isa = PBXVariantGroup;
			children = (
				04CD653B24D5B9E70087CA4E /* Base */,
			);
			name = LaunchScreen.storyboard;
			sourceTree = "<group>";
		};
/* End PBXVariantGroup section */

/* Begin XCBuildConfiguration section */
		04CD653E24D5B9E70087CA4E /* Debug */ = {
			isa = XCBuildConfiguration;
			buildSettings = {
				ALWAYS_SEARCH_USER_PATHS = NO;
				CLANG_ANALYZER_NONNULL = YES;
				CLANG_ANALYZER_NUMBER_OBJECT_CONVERSION = YES_AGGRESSIVE;
				CLANG_CXX_LANGUAGE_STANDARD = "gnu++14";
				CLANG_CXX_LIBRARY = "libc++";
				CLANG_ENABLE_MODULES = YES;
				CLANG_ENABLE_OBJC_ARC = YES;
				CLANG_ENABLE_OBJC_WEAK = YES;
				CLANG_WARN_BLOCK_CAPTURE_AUTORELEASING = YES;
				CLANG_WARN_BOOL_CONVERSION = YES;
				CLANG_WARN_COMMA = YES;
				CLANG_WARN_CONSTANT_CONVERSION = YES;
				CLANG_WARN_DEPRECATED_OBJC_IMPLEMENTATIONS = YES;
				CLANG_WARN_DIRECT_OBJC_ISA_USAGE = YES_ERROR;
				CLANG_WARN_DOCUMENTATION_COMMENTS = YES;
				CLANG_WARN_EMPTY_BODY = YES;
				CLANG_WARN_ENUM_CONVERSION = YES;
				CLANG_WARN_INFINITE_RECURSION = YES;
				CLANG_WARN_INT_CONVERSION = YES;
				CLANG_WARN_NON_LITERAL_NULL_CONVERSION = YES;
				CLANG_WARN_OBJC_IMPLICIT_RETAIN_SELF = YES;
				CLANG_WARN_OBJC_LITERAL_CONVERSION = YES;
				CLANG_WARN_OBJC_ROOT_CLASS = YES_ERROR;
				CLANG_WARN_RANGE_LOOP_ANALYSIS = YES;
				CLANG_WARN_STRICT_PROTOTYPES = YES;
				CLANG_WARN_SUSPICIOUS_MOVE = YES;
				CLANG_WARN_UNGUARDED_AVAILABILITY = YES_AGGRESSIVE;
				CLANG_WARN_UNREACHABLE_CODE = YES;
				CLANG_WARN__DUPLICATE_METHOD_MATCH = YES;
				COPY_PHASE_STRIP = NO;
				DEBUG_INFORMATION_FORMAT = dwarf;
				ENABLE_STRICT_OBJC_MSGSEND = YES;
				ENABLE_TESTABILITY = YES;
				GCC_C_LANGUAGE_STANDARD = gnu11;
				GCC_DYNAMIC_NO_PIC = NO;
				GCC_NO_COMMON_BLOCKS = YES;
				GCC_OPTIMIZATION_LEVEL = 0;
				GCC_PREPROCESSOR_DEFINITIONS = (
					"DEBUG=1",
					"$(inherited)",
				);
				GCC_WARN_64_TO_32_BIT_CONVERSION = YES;
				GCC_WARN_ABOUT_RETURN_TYPE = YES_ERROR;
				GCC_WARN_UNDECLARED_SELECTOR = YES;
				GCC_WARN_UNINITIALIZED_AUTOS = YES_AGGRESSIVE;
				GCC_WARN_UNUSED_FUNCTION = YES;
				GCC_WARN_UNUSED_VARIABLE = YES;
				IPHONEOS_DEPLOYMENT_TARGET = 13.2;
				MTL_ENABLE_DEBUG_INFO = INCLUDE_SOURCE;
				MTL_FAST_MATH = YES;
				ONLY_ACTIVE_ARCH = YES;
				SDKROOT = iphoneos;
				SWIFT_ACTIVE_COMPILATION_CONDITIONS = DEBUG;
				SWIFT_OPTIMIZATION_LEVEL = "-Onone";
			};
			name = Debug;
		};
		04CD653F24D5B9E70087CA4E /* Release */ = {
			isa = XCBuildConfiguration;
			buildSettings = {
				ALWAYS_SEARCH_USER_PATHS = NO;
				CLANG_ANALYZER_NONNULL = YES;
				CLANG_ANALYZER_NUMBER_OBJECT_CONVERSION = YES_AGGRESSIVE;
				CLANG_CXX_LANGUAGE_STANDARD = "gnu++14";
				CLANG_CXX_LIBRARY = "libc++";
				CLANG_ENABLE_MODULES = YES;
				CLANG_ENABLE_OBJC_ARC = YES;
				CLANG_ENABLE_OBJC_WEAK = YES;
				CLANG_WARN_BLOCK_CAPTURE_AUTORELEASING = YES;
				CLANG_WARN_BOOL_CONVERSION = YES;
				CLANG_WARN_COMMA = YES;
				CLANG_WARN_CONSTANT_CONVERSION = YES;
				CLANG_WARN_DEPRECATED_OBJC_IMPLEMENTATIONS = YES;
				CLANG_WARN_DIRECT_OBJC_ISA_USAGE = YES_ERROR;
				CLANG_WARN_DOCUMENTATION_COMMENTS = YES;
				CLANG_WARN_EMPTY_BODY = YES;
				CLANG_WARN_ENUM_CONVERSION = YES;
				CLANG_WARN_INFINITE_RECURSION = YES;
				CLANG_WARN_INT_CONVERSION = YES;
				CLANG_WARN_NON_LITERAL_NULL_CONVERSION = YES;
				CLANG_WARN_OBJC_IMPLICIT_RETAIN_SELF = YES;
				CLANG_WARN_OBJC_LITERAL_CONVERSION = YES;
				CLANG_WARN_OBJC_ROOT_CLASS = YES_ERROR;
				CLANG_WARN_RANGE_LOOP_ANALYSIS = YES;
				CLANG_WARN_STRICT_PROTOTYPES = YES;
				CLANG_WARN_SUSPICIOUS_MOVE = YES;
				CLANG_WARN_UNGUARDED_AVAILABILITY = YES_AGGRESSIVE;
				CLANG_WARN_UNREACHABLE_CODE = YES;
				CLANG_WARN__DUPLICATE_METHOD_MATCH = YES;
				COPY_PHASE_STRIP = NO;
				DEBUG_INFORMATION_FORMAT = "dwarf-with-dsym";
				ENABLE_NS_ASSERTIONS = NO;
				ENABLE_STRICT_OBJC_MSGSEND = YES;
				GCC_C_LANGUAGE_STANDARD = gnu11;
				GCC_NO_COMMON_BLOCKS = YES;
				GCC_WARN_64_TO_32_BIT_CONVERSION = YES;
				GCC_WARN_ABOUT_RETURN_TYPE = YES_ERROR;
				GCC_WARN_UNDECLARED_SELECTOR = YES;
				GCC_WARN_UNINITIALIZED_AUTOS = YES_AGGRESSIVE;
				GCC_WARN_UNUSED_FUNCTION = YES;
				GCC_WARN_UNUSED_VARIABLE = YES;
				IPHONEOS_DEPLOYMENT_TARGET = 13.2;
				MTL_ENABLE_DEBUG_INFO = NO;
				MTL_FAST_MATH = YES;
				SDKROOT = iphoneos;
				SWIFT_COMPILATION_MODE = wholemodule;
				SWIFT_OPTIMIZATION_LEVEL = "-O";
				VALIDATE_PRODUCT = YES;
			};
			name = Release;
		};
		04CD654124D5B9E70087CA4E /* Debug */ = {
			isa = XCBuildConfiguration;
			buildSettings = {
				ASSETCATALOG_COMPILER_APPICON_NAME = AppIcon;
				CODE_SIGN_STYLE = Automatic;
				INFOPLIST_FILE = "Getting Directions & Show Route On Map Using MapKit/Info.plist";
				LD_RUNPATH_SEARCH_PATHS = (
					"$(inherited)",
					"@executable_path/Frameworks",
				);
				PRODUCT_BUNDLE_IDENTIFIER = "com.rama.Getting-Directions---Show-Route-On-Map-Using-MapKit";
				PRODUCT_NAME = "$(TARGET_NAME)";
				SWIFT_VERSION = 5.0;
				TARGETED_DEVICE_FAMILY = "1,2";
			};
			name = Debug;
		};
		04CD654224D5B9E70087CA4E /* Release */ = {
			isa = XCBuildConfiguration;
			buildSettings = {
				ASSETCATALOG_COMPILER_APPICON_NAME = AppIcon;
				CODE_SIGN_STYLE = Automatic;
				INFOPLIST_FILE = "Getting Directions & Show Route On Map Using MapKit/Info.plist";
				LD_RUNPATH_SEARCH_PATHS = (
					"$(inherited)",
					"@executable_path/Frameworks",
				);
				PRODUCT_BUNDLE_IDENTIFIER = "com.rama.Getting-Directions---Show-Route-On-Map-Using-MapKit";
				PRODUCT_NAME = "$(TARGET_NAME)";
				SWIFT_VERSION = 5.0;
				TARGETED_DEVICE_FAMILY = "1,2";
			};
			name = Release;
		};
/* End XCBuildConfiguration section */

/* Begin XCConfigurationList section */
		04CD652724D5B9E30087CA4E /* Build configuration list for PBXProject "Getting Directions & Show Route On Map Using MapKit" */ = {
			isa = XCConfigurationList;
			buildConfigurations = (
				04CD653E24D5B9E70087CA4E /* Debug */,
				04CD653F24D5B9E70087CA4E /* Release */,
			);
			defaultConfigurationIsVisible = 0;
			defaultConfigurationName = Release;
		};
		04CD654024D5B9E70087CA4E /* Build configuration list for PBXNativeTarget "Getting Directions & Show Route On Map Using MapKit" */ = {
			isa = XCConfigurationList;
			buildConfigurations = (
				04CD654124D5B9E70087CA4E /* Debug */,
				04CD654224D5B9E70087CA4E /* Release */,
			);
			defaultConfigurationIsVisible = 0;
			defaultConfigurationName = Release;
		};
/* End XCConfigurationList section */
	};
	rootObject = 04CD652424D5B9E30087CA4E /* Project object */;
}
